
Microsoft Visual Studio Solution File, Format Version 12.00
# Visual Studio Version 17
VisualStudioVersion = 17.1.32414.318
MinimumVisualStudioVersion = 10.0.40219.1
Project("{FAE04EC0-301F-11D3-BF4B-00C04F79EFBC}") = "OMS", "OMS.csproj", "{6A773B3B-F2A7-4C2C-A642-AE7A667C131F}"
EndProject
Project("{FAE04EC0-301F-11D3-BF4B-00C04F79EFBC}") = "OMS.Entity", "..\OMS.Entity\OMS.Entity.csproj", "{23933DCC-DC74-4901-A803-C0DEC734DB53}"
EndProject
Global
	GlobalSection(SolutionConfigurationPlatforms) = preSolution
		Debug|Any CPU = Debug|Any CPU
		Release|Any CPU = Release|Any CPU
	EndGlobalSection
	GlobalSection(ProjectConfigurationPlatforms) = postSolution
		{6A773B3B-F2A7-4C2C-A642-AE7A667C131F}.Debug|Any CPU.ActiveCfg = Debug|Any CPU
		{6A773B3B-F2A7-4C2C-A642-AE7A667C131F}.Debug|Any CPU.Build.0 = Debug|Any CPU
		{6A773B3B-F2A7-4C2C-A642-AE7A667C131F}.Release|Any CPU.ActiveCfg = Release|Any CPU
		{6A773B3B-F2A7-4C2C-A642-AE7A667C131F}.Release|Any CPU.Build.0 = Release|Any CPU
		{23933DCC-DC74-4901-A803-C0DEC734DB53}.Debug|Any CPU.ActiveCfg = Debug|Any CPU
		{23933DCC-DC74-4901-A803-C0DEC734DB53}.Debug|Any CPU.Build.0 = Debug|Any CPU
		{23933DCC-DC74-4901-A803-C0DEC734DB53}.Release|Any CPU.ActiveCfg = Release|Any CPU
		{23933DCC-DC74-4901-A803-C0DEC734DB53}.Release|Any CPU.Build.0 = Release|Any CPU
	EndGlobalSection
	GlobalSection(SolutionProperties) = preSolution
		HideSolutionNode = FALSE
	EndGlobalSection
	GlobalSection(ExtensibilityGlobals) = postSolution
		SolutionGuid = {A614DE0F-3CC4-4370-8C8A-7E79E039FCCF}
	EndGlobalSection
EndGlobal
